
Microsoft Visual Studio Solution File, Format Version 12.00
# Visual Studio Version 17
VisualStudioVersion = 17.11.35327.3
MinimumVisualStudioVersion = 10.0.40219.1
Project("{FAE04EC0-301F-11D3-BF4B-00C04F79EFBC}") = "timescale", "timescale\timescale.csproj", "{2EF86D09-1875-4A2F-8FBB-1352E0E60A2D}"
EndProject
Global
	GlobalSection(SolutionConfigurationPlatforms) = preSolution
		Debug|Any CPU = Debug|Any CPU
		Release|Any CPU = Release|Any CPU
	EndGlobalSection
	GlobalSection(ProjectConfigurationPlatforms) = postSolution
		{2EF86D09-1875-4A2F-8FBB-1352E0E60A2D}.Debug|Any CPU.ActiveCfg = Debug|Any CPU
		{2EF86D09-1875-4A2F-8FBB-1352E0E60A2D}.Debug|Any CPU.Build.0 = Debug|Any CPU
		{2EF86D09-1875-4A2F-8FBB-1352E0E60A2D}.Release|Any CPU.ActiveCfg = Release|Any CPU
		{2EF86D09-1875-4A2F-8FBB-1352E0E60A2D}.Release|Any CPU.Build.0 = Release|Any CPU
	EndGlobalSection
	GlobalSection(SolutionProperties) = preSolution
		HideSolutionNode = FALSE
	EndGlobalSection
	GlobalSection(ExtensibilityGlobals) = postSolution
		SolutionGuid = {7B41A92A-A21D-40A8-B9F7-3D8FC0191AB6}
	EndGlobalSection
EndGlobal
